
Microsoft Visual Studio Solution File, Format Version 12.00
# Visual Studio Version 17
VisualStudioVersion = 17.7.34018.315
MinimumVisualStudioVersion = 10.0.40219.1
Project("{9A19103F-16F7-4668-BE54-9A1E7A4F7556}") = "Crito", "Crito.csproj", "{AD818F25-E0C7-4238-8CA6-7B7CFCC5677C}"
EndProject
Global
	GlobalSection(SolutionConfigurationPlatforms) = preSolution
		Debug|Any CPU = Debug|Any CPU
		Release|Any CPU = Release|Any CPU
	EndGlobalSection
	GlobalSection(ProjectConfigurationPlatforms) = postSolution
		{AD818F25-E0C7-4238-8CA6-7B7CFCC5677C}.Debug|Any CPU.ActiveCfg = Debug|Any CPU
		{AD818F25-E0C7-4238-8CA6-7B7CFCC5677C}.Debug|Any CPU.Build.0 = Debug|Any CPU
		{AD818F25-E0C7-4238-8CA6-7B7CFCC5677C}.Release|Any CPU.ActiveCfg = Release|Any CPU
		{AD818F25-E0C7-4238-8CA6-7B7CFCC5677C}.Release|Any CPU.Build.0 = Release|Any CPU
	EndGlobalSection
	GlobalSection(SolutionProperties) = preSolution
		HideSolutionNode = FALSE
	EndGlobalSection
	GlobalSection(ExtensibilityGlobals) = postSolution
		SolutionGuid = {6D7A26D5-3F91-4B55-88BA-8738235FDA05}
	EndGlobalSection
EndGlobal
